
Microsoft Visual Studio Solution File, Format Version 12.00
# Visual Studio 15
VisualStudioVersion = 15.0.28307.421
MinimumVisualStudioVersion = 10.0.40219.1
Project("{FAE04EC0-301F-11D3-BF4B-00C04F79EFBC}") = "FixSitWPF", "FixSitWPF\FixSitWPF.csproj", "{93E54A6F-4927-40A6-885B-459BB76E66B6}"
EndProject
Global
	GlobalSection(SolutionConfigurationPlatforms) = preSolution
		Debug|Any CPU = Debug|Any CPU
		Release|Any CPU = Release|Any CPU
	EndGlobalSection
	GlobalSection(ProjectConfigurationPlatforms) = postSolution
		{93E54A6F-4927-40A6-885B-459BB76E66B6}.Debug|Any CPU.ActiveCfg = Debug|Any CPU
		{93E54A6F-4927-40A6-885B-459BB76E66B6}.Debug|Any CPU.Build.0 = Debug|Any CPU
		{93E54A6F-4927-40A6-885B-459BB76E66B6}.Release|Any CPU.ActiveCfg = Release|Any CPU
		{93E54A6F-4927-40A6-885B-459BB76E66B6}.Release|Any CPU.Build.0 = Release|Any CPU
	EndGlobalSection
	GlobalSection(SolutionProperties) = preSolution
		HideSolutionNode = FALSE
	EndGlobalSection
	GlobalSection(ExtensibilityGlobals) = postSolution
		SolutionGuid = {D722233B-882E-4955-A611-839F147B8AF1}
	EndGlobalSection
EndGlobal
